
Microsoft Visual Studio Solution File, Format Version 12.00
# Visual Studio 15
VisualStudioVersion = 15.0.28307.421
MinimumVisualStudioVersion = 10.0.40219.1
Project("{FAE04EC0-301F-11D3-BF4B-00C04F79EFBC}") = "FastP.Android", "FastP\FastP.Android\FastP.Android.csproj", "{01B9AB8A-F6CC-479A-875C-DD41354B4809}"
EndProject
Project("{FAE04EC0-301F-11D3-BF4B-00C04F79EFBC}") = "FastP.iOS", "FastP\FastP.iOS\FastP.iOS.csproj", "{55E66A23-76F1-4CA1-83AC-9069879EF5F9}"
EndProject
Project("{FAE04EC0-301F-11D3-BF4B-00C04F79EFBC}") = "FastP.UWP", "FastP\FastP.UWP\FastP.UWP.csproj", "{417C0C97-F325-4FB4-B27E-D31BAB6C6450}"
EndProject
Project("{FAE04EC0-301F-11D3-BF4B-00C04F79EFBC}") = "FastP", "FastP\FastP\FastP.csproj", "{3521EFB1-DEBA-43BE-89B6-43732FA0E273}"
EndProject
Project("{FAE04EC0-301F-11D3-BF4B-00C04F79EFBC}") = "FastP.Backend", "FastP.Backend\FastP.Backend.csproj", "{7DF16D77-6DBA-4671-A942-9165AD4EE08E}"
EndProject
Project("{FAE04EC0-301F-11D3-BF4B-00C04F79EFBC}") = "FastP.API", "FastP.API\FastP.API.csproj", "{5EEDBA5F-F0E8-43AE-A687-384DC71DBC77}"
EndProject
Project("{FAE04EC0-301F-11D3-BF4B-00C04F79EFBC}") = "FastP.Domain", "FastP.Domain\FastP.Domain.csproj", "{93A7B304-5BBF-4F8C-BA52-EA4BFA64907B}"
EndProject
Project("{FAE04EC0-301F-11D3-BF4B-00C04F79EFBC}") = "FastP.Common", "FastP.Common\FastP.Common.csproj", "{ED4DB236-831E-42E3-8B88-A93B8851E0AE}"
EndProject
Global
	GlobalSection(SolutionConfigurationPlatforms) = preSolution
		Ad-Hoc|Any CPU = Ad-Hoc|Any CPU
		Ad-Hoc|ARM = Ad-Hoc|ARM
		Ad-Hoc|iPhone = Ad-Hoc|iPhone
		Ad-Hoc|iPhoneSimulator = Ad-Hoc|iPhoneSimulator
		Ad-Hoc|x64 = Ad-Hoc|x64
		Ad-Hoc|x86 = Ad-Hoc|x86
		AppStore|Any CPU = AppStore|Any CPU
		AppStore|ARM = AppStore|ARM
		AppStore|iPhone = AppStore|iPhone
		AppStore|iPhoneSimulator = AppStore|iPhoneSimulator
		AppStore|x64 = AppStore|x64
		AppStore|x86 = AppStore|x86
		Debug|Any CPU = Debug|Any CPU
		Debug|ARM = Debug|ARM
		Debug|iPhone = Debug|iPhone
		Debug|iPhoneSimulator = Debug|iPhoneSimulator
		Debug|x64 = Debug|x64
		Debug|x86 = Debug|x86
		Release|Any CPU = Release|Any CPU
		Release|ARM = Release|ARM
		Release|iPhone = Release|iPhone
		Release|iPhoneSimulator = Release|iPhoneSimulator
		Release|x64 = Release|x64
		Release|x86 = Release|x86
	EndGlobalSection
	GlobalSection(ProjectConfigurationPlatforms) = postSolution
		{01B9AB8A-F6CC-479A-875C-DD41354B4809}.Ad-Hoc|Any CPU.ActiveCfg = Release|Any CPU
		{01B9AB8A-F6CC-479A-875C-DD41354B4809}.Ad-Hoc|Any CPU.Build.0 = Release|Any CPU
		{01B9AB8A-F6CC-479A-875C-DD41354B4809}.Ad-Hoc|Any CPU.Deploy.0 = Release|Any CPU
		{01B9AB8A-F6CC-479A-875C-DD41354B4809}.Ad-Hoc|ARM.ActiveCfg = Release|Any CPU
		{01B9AB8A-F6CC-479A-875C-DD41354B4809}.Ad-Hoc|ARM.Build.0 = Release|Any CPU
		{01B9AB8A-F6CC-479A-875C-DD41354B4809}.Ad-Hoc|ARM.Deploy.0 = Release|Any CPU
		{01B9AB8A-F6CC-479A-875C-DD41354B4809}.Ad-Hoc|iPhone.ActiveCfg = Release|Any CPU
		{01B9AB8A-F6CC-479A-875C-DD41354B4809}.Ad-Hoc|iPhone.Build.0 = Release|Any CPU
		{01B9AB8A-F6CC-479A-875C-DD41354B4809}.Ad-Hoc|iPhone.Deploy.0 = Release|Any CPU
		{01B9AB8A-F6CC-479A-875C-DD41354B4809}.Ad-Hoc|iPhoneSimulator.ActiveCfg = Release|Any CPU
		{01B9AB8A-F6CC-479A-875C-DD41354B4809}.Ad-Hoc|iPhoneSimulator.Build.0 = Release|Any CPU
		{01B9AB8A-F6CC-479A-875C-DD41354B4809}.Ad-Hoc|iPhoneSimulator.Deploy.0 = Release|Any CPU
		{01B9AB8A-F6CC-479A-875C-DD41354B4809}.Ad-Hoc|x64.ActiveCfg = Release|Any CPU
		{01B9AB8A-F6CC-479A-875C-DD41354B4809}.Ad-Hoc|x64.Build.0 = Release|Any CPU
		{01B9AB8A-F6CC-479A-875C-DD41354B4809}.Ad-Hoc|x64.Deploy.0 = Release|Any CPU
		{01B9AB8A-F6CC-479A-875C-DD41354B4809}.Ad-Hoc|x86.ActiveCfg = Release|Any CPU
		{01B9AB8A-F6CC-479A-875C-DD41354B4809}.Ad-Hoc|x86.Build.0 = Release|Any CPU
		{01B9AB8A-F6CC-479A-875C-DD41354B4809}.Ad-Hoc|x86.Deploy.0 = Release|Any CPU
		{01B9AB8A-F6CC-479A-875C-DD41354B4809}.AppStore|Any CPU.ActiveCfg = Release|Any CPU
		{01B9AB8A-F6CC-479A-875C-DD41354B4809}.AppStore|Any CPU.Build.0 = Release|Any CPU
		{01B9AB8A-F6CC-479A-875C-DD41354B4809}.AppStore|Any CPU.Deploy.0 = Release|Any CPU
		{01B9AB8A-F6CC-479A-875C-DD41354B4809}.AppStore|ARM.ActiveCfg = Release|Any CPU
		{01B9AB8A-F6CC-479A-875C-DD41354B4809}.AppStore|ARM.Build.0 = Release|Any CPU
		{01B9AB8A-F6CC-479A-875C-DD41354B4809}.AppStore|ARM.Deploy.0 = Release|Any CPU
		{01B9AB8A-F6CC-479A-875C-DD41354B4809}.AppStore|iPhone.ActiveCfg = Release|Any CPU
		{01B9AB8A-F6CC-479A-875C-DD41354B4809}.AppStore|iPhone.Build.0 = Release|Any CPU
		{01B9AB8A-F6CC-479A-875C-DD41354B4809}.AppStore|iPhone.Deploy.0 = Release|Any CPU
		{01B9AB8A-F6CC-479A-875C-DD41354B4809}.AppStore|iPhoneSimulator.ActiveCfg = Release|Any CPU
		{01B9AB8A-F6CC-479A-875C-DD41354B4809}.AppStore|iPhoneSimulator.Build.0 = Release|Any CPU
		{01B9AB8A-F6CC-479A-875C-DD41354B4809}.AppStore|iPhoneSimulator.Deploy.0 = Release|Any CPU
		{01B9AB8A-F6CC-479A-875C-DD41354B4809}.AppStore|x64.ActiveCfg = Release|Any CPU
		{01B9AB8A-F6CC-479A-875C-DD41354B4809}.AppStore|x64.Build.0 = Release|Any CPU
		{01B9AB8A-F6CC-479A-875C-DD41354B4809}.AppStore|x64.Deploy.0 = Release|Any CPU
		{01B9AB8A-F6CC-479A-875C-DD41354B4809}.AppStore|x86.ActiveCfg = Release|Any CPU
		{01B9AB8A-F6CC-479A-875C-DD41354B4809}.AppStore|x86.Build.0 = Release|Any CPU
		{01B9AB8A-F6CC-479A-875C-DD41354B4809}.AppStore|x86.Deploy.0 = Release|Any CPU
		{01B9AB8A-F6CC-479A-875C-DD41354B4809}.Debug|Any CPU.ActiveCfg = Debug|Any CPU
		{01B9AB8A-F6CC-479A-875C-DD41354B4809}.Debug|Any CPU.Build.0 = Debug|Any CPU
		{01B9AB8A-F6CC-479A-875C-DD41354B4809}.Debug|Any CPU.Deploy.0 = Debug|Any CPU
		{01B9AB8A-F6CC-479A-875C-DD41354B4809}.Debug|ARM.ActiveCfg = Debug|Any CPU
		{01B9AB8A-F6CC-479A-875C-DD41354B4809}.Debug|ARM.Build.0 = Debug|Any CPU
		{01B9AB8A-F6CC-479A-875C-DD41354B4809}.Debug|ARM.Deploy.0 = Debug|Any CPU
		{01B9AB8A-F6CC-479A-875C-DD41354B4809}.Debug|iPhone.ActiveCfg = Debug|Any CPU
		{01B9AB8A-F6CC-479A-875C-DD41354B4809}.Debug|iPhone.Build.0 = Debug|Any CPU
		{01B9AB8A-F6CC-479A-875C-DD41354B4809}.Debug|iPhone.Deploy.0 = Debug|Any CPU
		{01B9AB8A-F6CC-479A-875C-DD41354B4809}.Debug|iPhoneSimulator.ActiveCfg = Debug|Any CPU
		{01B9AB8A-F6CC-479A-875C-DD41354B4809}.Debug|iPhoneSimulator.Build.0 = Debug|Any CPU
		{01B9AB8A-F6CC-479A-875C-DD41354B4809}.Debug|iPhoneSimulator.Deploy.0 = Debug|Any CPU
		{01B9AB8A-F6CC-479A-875C-DD41354B4809}.Debug|x64.ActiveCfg = Debug|Any CPU
		{01B9AB8A-F6CC-479A-875C-DD41354B4809}.Debug|x64.Build.0 = Debug|Any CPU
		{01B9AB8A-F6CC-479A-875C-DD41354B4809}.Debug|x64.Deploy.0 = Debug|Any CPU
		{01B9AB8A-F6CC-479A-875C-DD41354B4809}.Debug|x86.ActiveCfg = Debug|Any CPU
		{01B9AB8A-F6CC-479A-875C-DD41354B4809}.Debug|x86.Build.0 = Debug|Any CPU
		{01B9AB8A-F6CC-479A-875C-DD41354B4809}.Debug|x86.Deploy.0 = Debug|Any CPU
		{01B9AB8A-F6CC-479A-875C-DD41354B4809}.Release|Any CPU.ActiveCfg = Release|Any CPU
		{01B9AB8A-F6CC-479A-875C-DD41354B4809}.Release|Any CPU.Build.0 = Release|Any CPU
		{01B9AB8A-F6CC-479A-875C-DD41354B4809}.Release|Any CPU.Deploy.0 = Release|Any CPU
		{01B9AB8A-F6CC-479A-875C-DD41354B4809}.Release|ARM.ActiveCfg = Release|Any CPU
		{01B9AB8A-F6CC-479A-875C-DD41354B4809}.Release|ARM.Build.0 = Release|Any CPU
		{01B9AB8A-F6CC-479A-875C-DD41354B4809}.Release|ARM.Deploy.0 = Release|Any CPU
		{01B9AB8A-F6CC-479A-875C-DD41354B4809}.Release|iPhone.ActiveCfg = Release|Any CPU
		{01B9AB8A-F6CC-479A-875C-DD41354B4809}.Release|iPhone.Build.0 = Release|Any CPU
		{01B9AB8A-F6CC-479A-875C-DD41354B4809}.Release|iPhone.Deploy.0 = Release|Any CPU
		{01B9AB8A-F6CC-479A-875C-DD41354B4809}.Release|iPhoneSimulator.ActiveCfg = Release|Any CPU
		{01B9AB8A-F6CC-479A-875C-DD41354B4809}.Release|iPhoneSimulator.Build.0 = Release|Any CPU
		{01B9AB8A-F6CC-479A-875C-DD41354B4809}.Release|iPhoneSimulator.Deploy.0 = Release|Any CPU
		{01B9AB8A-F6CC-479A-875C-DD41354B4809}.Release|x64.ActiveCfg = Release|Any CPU
		{01B9AB8A-F6CC-479A-875C-DD41354B4809}.Release|x64.Build.0 = Release|Any CPU
		{01B9AB8A-F6CC-479A-875C-DD41354B4809}.Release|x64.Deploy.0 = Release|Any CPU
		{01B9AB8A-F6CC-479A-875C-DD41354B4809}.Release|x86.ActiveCfg = Release|Any CPU
		{01B9AB8A-F6CC-479A-875C-DD41354B4809}.Release|x86.Build.0 = Release|Any CPU
		{01B9AB8A-F6CC-479A-875C-DD41354B4809}.Release|x86.Deploy.0 = Release|Any CPU
		{55E66A23-76F1-4CA1-83AC-9069879EF5F9}.Ad-Hoc|Any CPU.ActiveCfg = Ad-Hoc|iPhone
		{55E66A23-76F1-4CA1-83AC-9069879EF5F9}.Ad-Hoc|Any CPU.Build.0 = Ad-Hoc|iPhone
		{55E66A23-76F1-4CA1-83AC-9069879EF5F9}.Ad-Hoc|Any CPU.Deploy.0 = Ad-Hoc|iPhone
		{55E66A23-76F1-4CA1-83AC-9069879EF5F9}.Ad-Hoc|ARM.ActiveCfg = Ad-Hoc|iPhone
		{55E66A23-76F1-4CA1-83AC-9069879EF5F9}.Ad-Hoc|ARM.Build.0 = Ad-Hoc|iPhone
		{55E66A23-76F1-4CA1-83AC-9069879EF5F9}.Ad-Hoc|ARM.Deploy.0 = Ad-Hoc|iPhone
		{55E66A23-76F1-4CA1-83AC-9069879EF5F9}.Ad-Hoc|iPhone.ActiveCfg = Ad-Hoc|iPhone
		{55E66A23-76F1-4CA1-83AC-9069879EF5F9}.Ad-Hoc|iPhone.Build.0 = Ad-Hoc|iPhone
		{55E66A23-76F1-4CA1-83AC-9069879EF5F9}.Ad-Hoc|iPhone.Deploy.0 = Ad-Hoc|iPhone
		{55E66A23-76F1-4CA1-83AC-9069879EF5F9}.Ad-Hoc|iPhoneSimulator.ActiveCfg = Ad-Hoc|iPhoneSimulator
		{55E66A23-76F1-4CA1-83AC-9069879EF5F9}.Ad-Hoc|iPhoneSimulator.Build.0 = Ad-Hoc|iPhoneSimulator
		{55E66A23-76F1-4CA1-83AC-9069879EF5F9}.Ad-Hoc|iPhoneSimulator.Deploy.0 = Ad-Hoc|iPhoneSimulator
		{55E66A23-76F1-4CA1-83AC-9069879EF5F9}.Ad-Hoc|x64.ActiveCfg = Ad-Hoc|iPhone
		{55E66A23-76F1-4CA1-83AC-9069879EF5F9}.Ad-Hoc|x64.Build.0 = Ad-Hoc|iPhone
		{55E66A23-76F1-4CA1-83AC-9069879EF5F9}.Ad-Hoc|x64.Deploy.0 = Ad-Hoc|iPhone
		{55E66A23-76F1-4CA1-83AC-9069879EF5F9}.Ad-Hoc|x86.ActiveCfg = Ad-Hoc|iPhone
		{55E66A23-76F1-4CA1-83AC-9069879EF5F9}.Ad-Hoc|x86.Build.0 = Ad-Hoc|iPhone
		{55E66A23-76F1-4CA1-83AC-9069879EF5F9}.Ad-Hoc|x86.Deploy.0 = Ad-Hoc|iPhone
		{55E66A23-76F1-4CA1-83AC-9069879EF5F9}.AppStore|Any CPU.ActiveCfg = AppStore|iPhone
		{55E66A23-76F1-4CA1-83AC-9069879EF5F9}.AppStore|Any CPU.Build.0 = AppStore|iPhone
		{55E66A23-76F1-4CA1-83AC-9069879EF5F9}.AppStore|Any CPU.Deploy.0 = AppStore|iPhone
		{55E66A23-76F1-4CA1-83AC-9069879EF5F9}.AppStore|ARM.ActiveCfg = AppStore|iPhone
		{55E66A23-76F1-4CA1-83AC-9069879EF5F9}.AppStore|ARM.Build.0 = AppStore|iPhone
		{55E66A23-76F1-4CA1-83AC-9069879EF5F9}.AppStore|ARM.Deploy.0 = AppStore|iPhone
		{55E66A23-76F1-4CA1-83AC-9069879EF5F9}.AppStore|iPhone.ActiveCfg = AppStore|iPhone
		{55E66A23-76F1-4CA1-83AC-9069879EF5F9}.AppStore|iPhone.Build.0 = AppStore|iPhone
		{55E66A23-76F1-4CA1-83AC-9069879EF5F9}.AppStore|iPhone.Deploy.0 = AppStore|iPhone
		{55E66A23-76F1-4CA1-83AC-9069879EF5F9}.AppStore|iPhoneSimulator.ActiveCfg = AppStore|iPhoneSimulator
		{55E66A23-76F1-4CA1-83AC-9069879EF5F9}.AppStore|iPhoneSimulator.Build.0 = AppStore|iPhoneSimulator
		{55E66A23-76F1-4CA1-83AC-9069879EF5F9}.AppStore|iPhoneSimulator.Deploy.0 = AppStore|iPhoneSimulator
		{55E66A23-76F1-4CA1-83AC-9069879EF5F9}.AppStore|x64.ActiveCfg = AppStore|iPhone
		{55E66A23-76F1-4CA1-83AC-9069879EF5F9}.AppStore|x64.Build.0 = AppStore|iPhone
		{55E66A23-76F1-4CA1-83AC-9069879EF5F9}.AppStore|x64.Deploy.0 = AppStore|iPhone
		{55E66A23-76F1-4CA1-83AC-9069879EF5F9}.AppStore|x86.ActiveCfg = AppStore|iPhone
		{55E66A23-76F1-4CA1-83AC-9069879EF5F9}.AppStore|x86.Build.0 = AppStore|iPhone
		{55E66A23-76F1-4CA1-83AC-9069879EF5F9}.AppStore|x86.Deploy.0 = AppStore|iPhone
		{55E66A23-76F1-4CA1-83AC-9069879EF5F9}.Debug|Any CPU.ActiveCfg = Debug|iPhoneSimulator
		{55E66A23-76F1-4CA1-83AC-9069879EF5F9}.Debug|Any CPU.Build.0 = Debug|iPhoneSimulator
		{55E66A23-76F1-4CA1-83AC-9069879EF5F9}.Debug|Any CPU.Deploy.0 = Debug|iPhoneSimulator
		{55E66A23-76F1-4CA1-83AC-9069879EF5F9}.Debug|ARM.ActiveCfg = Debug|iPhone
		{55E66A23-76F1-4CA1-83AC-9069879EF5F9}.Debug|ARM.Build.0 = Debug|iPhone
		{55E66A23-76F1-4CA1-83AC-9069879EF5F9}.Debug|ARM.Deploy.0 = Debug|iPhone
		{55E66A23-76F1-4CA1-83AC-9069879EF5F9}.Debug|iPhone.ActiveCfg = Debug|iPhone
		{55E66A23-76F1-4CA1-83AC-9069879EF5F9}.Debug|iPhone.Build.0 = Debug|iPhone
		{55E66A23-76F1-4CA1-83AC-9069879EF5F9}.Debug|iPhone.Deploy.0 = Debug|iPhone
		{55E66A23-76F1-4CA1-83AC-9069879EF5F9}.Debug|iPhoneSimulator.ActiveCfg = Debug|iPhoneSimulator
		{55E66A23-76F1-4CA1-83AC-9069879EF5F9}.Debug|iPhoneSimulator.Build.0 = Debug|iPhoneSimulator
		{55E66A23-76F1-4CA1-83AC-9069879EF5F9}.Debug|iPhoneSimulator.Deploy.0 = Debug|iPhoneSimulator
		{55E66A23-76F1-4CA1-83AC-9069879EF5F9}.Debug|x64.ActiveCfg = Debug|iPhone
		{55E66A23-76F1-4CA1-83AC-9069879EF5F9}.Debug|x64.Build.0 = Debug|iPhone
		{55E66A23-76F1-4CA1-83AC-9069879EF5F9}.Debug|x64.Deploy.0 = Debug|iPhone
		{55E66A23-76F1-4CA1-83AC-9069879EF5F9}.Debug|x86.ActiveCfg = Debug|iPhone
		{55E66A23-76F1-4CA1-83AC-9069879EF5F9}.Debug|x86.Build.0 = Debug|iPhone
		{55E66A23-76F1-4CA1-83AC-9069879EF5F9}.Debug|x86.Deploy.0 = Debug|iPhone
		{55E66A23-76F1-4CA1-83AC-9069879EF5F9}.Release|Any CPU.ActiveCfg = Release|iPhone
		{55E66A23-76F1-4CA1-83AC-9069879EF5F9}.Release|Any CPU.Build.0 = Release|iPhone
		{55E66A23-76F1-4CA1-83AC-9069879EF5F9}.Release|Any CPU.Deploy.0 = Release|iPhone
		{55E66A23-76F1-4CA1-83AC-9069879EF5F9}.Release|ARM.ActiveCfg = Release|iPhone
		{55E66A23-76F1-4CA1-83AC-9069879EF5F9}.Release|ARM.Build.0 = Release|iPhone
		{55E66A23-76F1-4CA1-83AC-9069879EF5F9}.Release|ARM.Deploy.0 = Release|iPhone
		{55E66A23-76F1-4CA1-83AC-9069879EF5F9}.Release|iPhone.ActiveCfg = Release|iPhone
		{55E66A23-76F1-4CA1-83AC-9069879EF5F9}.Release|iPhone.Build.0 = Release|iPhone
		{55E66A23-76F1-4CA1-83AC-9069879EF5F9}.Release|iPhone.Deploy.0 = Release|iPhone
		{55E66A23-76F1-4CA1-83AC-9069879EF5F9}.Release|iPhoneSimulator.ActiveCfg = Release|iPhoneSimulator
		{55E66A23-76F1-4CA1-83AC-9069879EF5F9}.Release|iPhoneSimulator.Build.0 = Release|iPhoneSimulator
		{55E66A23-76F1-4CA1-83AC-9069879EF5F9}.Release|iPhoneSimulator.Deploy.0 = Release|iPhoneSimulator
		{55E66A23-76F1-4CA1-83AC-9069879EF5F9}.Release|x64.ActiveCfg = Release|iPhone
		{55E66A23-76F1-4CA1-83AC-9069879EF5F9}.Release|x64.Build.0 = Release|iPhone
		{55E66A23-76F1-4CA1-83AC-9069879EF5F9}.Release|x64.Deploy.0 = Release|iPhone
		{55E66A23-76F1-4CA1-83AC-9069879EF5F9}.Release|x86.ActiveCfg = Release|iPhone
		{55E66A23-76F1-4CA1-83AC-9069879EF5F9}.Release|x86.Build.0 = Release|iPhone
		{55E66A23-76F1-4CA1-83AC-9069879EF5F9}.Release|x86.Deploy.0 = Release|iPhone
		{417C0C97-F325-4FB4-B27E-D31BAB6C6450}.Ad-Hoc|Any CPU.ActiveCfg = Release|x86
		{417C0C97-F325-4FB4-B27E-D31BAB6C6450}.Ad-Hoc|Any CPU.Build.0 = Release|x86
		{417C0C97-F325-4FB4-B27E-D31BAB6C6450}.Ad-Hoc|Any CPU.Deploy.0 = Release|x86
		{417C0C97-F325-4FB4-B27E-D31BAB6C6450}.Ad-Hoc|ARM.ActiveCfg = Release|ARM
		{417C0C97-F325-4FB4-B27E-D31BAB6C6450}.Ad-Hoc|ARM.Build.0 = Release|ARM
		{417C0C97-F325-4FB4-B27E-D31BAB6C6450}.Ad-Hoc|ARM.Deploy.0 = Release|ARM
		{417C0C97-F325-4FB4-B27E-D31BAB6C6450}.Ad-Hoc|iPhone.ActiveCfg = Release|x86
		{417C0C97-F325-4FB4-B27E-D31BAB6C6450}.Ad-Hoc|iPhone.Build.0 = Release|x86
		{417C0C97-F325-4FB4-B27E-D31BAB6C6450}.Ad-Hoc|iPhone.Deploy.0 = Release|x86
		{417C0C97-F325-4FB4-B27E-D31BAB6C6450}.Ad-Hoc|iPhoneSimulator.ActiveCfg = Release|x86
		{417C0C97-F325-4FB4-B27E-D31BAB6C6450}.Ad-Hoc|iPhoneSimulator.Build.0 = Release|x86
		{417C0C97-F325-4FB4-B27E-D31BAB6C6450}.Ad-Hoc|iPhoneSimulator.Deploy.0 = Release|x86
		{417C0C97-F325-4FB4-B27E-D31BAB6C6450}.Ad-Hoc|x64.ActiveCfg = Release|x64
		{417C0C97-F325-4FB4-B27E-D31BAB6C6450}.Ad-Hoc|x64.Build.0 = Release|x64
		{417C0C97-F325-4FB4-B27E-D31BAB6C6450}.Ad-Hoc|x64.Deploy.0 = Release|x64
		{417C0C97-F325-4FB4-B27E-D31BAB6C6450}.Ad-Hoc|x86.ActiveCfg = Release|x86
		{417C0C97-F325-4FB4-B27E-D31BAB6C6450}.Ad-Hoc|x86.Build.0 = Release|x86
		{417C0C97-F325-4FB4-B27E-D31BAB6C6450}.Ad-Hoc|x86.Deploy.0 = Release|x86
		{417C0C97-F325-4FB4-B27E-D31BAB6C6450}.AppStore|Any CPU.ActiveCfg = Release|x86
		{417C0C97-F325-4FB4-B27E-D31BAB6C6450}.AppStore|Any CPU.Build.0 = Release|x86
		{417C0C97-F325-4FB4-B27E-D31BAB6C6450}.AppStore|Any CPU.Deploy.0 = Release|x86
		{417C0C97-F325-4FB4-B27E-D31BAB6C6450}.AppStore|ARM.ActiveCfg = Release|ARM
		{417C0C97-F325-4FB4-B27E-D31BAB6C6450}.AppStore|ARM.Build.0 = Release|ARM
		{417C0C97-F325-4FB4-B27E-D31BAB6C6450}.AppStore|ARM.Deploy.0 = Release|ARM
		{417C0C97-F325-4FB4-B27E-D31BAB6C6450}.AppStore|iPhone.ActiveCfg = Release|x86
		{417C0C97-F325-4FB4-B27E-D31BAB6C6450}.AppStore|iPhone.Build.0 = Release|x86
		{417C0C97-F325-4FB4-B27E-D31BAB6C6450}.AppStore|iPhone.Deploy.0 = Release|x86
		{417C0C97-F325-4FB4-B27E-D31BAB6C6450}.AppStore|iPhoneSimulator.ActiveCfg = Release|x86
		{417C0C97-F325-4FB4-B27E-D31BAB6C6450}.AppStore|iPhoneSimulator.Build.0 = Release|x86
		{417C0C97-F325-4FB4-B27E-D31BAB6C6450}.AppStore|iPhoneSimulator.Deploy.0 = Release|x86
		{417C0C97-F325-4FB4-B27E-D31BAB6C6450}.AppStore|x64.ActiveCfg = Release|x64
		{417C0C97-F325-4FB4-B27E-D31BAB6C6450}.AppStore|x64.Build.0 = Release|x64
		{417C0C97-F325-4FB4-B27E-D31BAB6C6450}.AppStore|x64.Deploy.0 = Release|x64
		{417C0C97-F325-4FB4-B27E-D31BAB6C6450}.AppStore|x86.ActiveCfg = Release|x86
		{417C0C97-F325-4FB4-B27E-D31BAB6C6450}.AppStore|x86.Build.0 = Release|x86
		{417C0C97-F325-4FB4-B27E-D31BAB6C6450}.AppStore|x86.Deploy.0 = Release|x86
		{417C0C97-F325-4FB4-B27E-D31BAB6C6450}.Debug|Any CPU.ActiveCfg = Debug|x86
		{417C0C97-F325-4FB4-B27E-D31BAB6C6450}.Debug|Any CPU.Build.0 = Debug|x86
		{417C0C97-F325-4FB4-B27E-D31BAB6C6450}.Debug|Any CPU.Deploy.0 = Debug|x86
		{417C0C97-F325-4FB4-B27E-D31BAB6C6450}.Debug|ARM.ActiveCfg = Debug|ARM
		{417C0C97-F325-4FB4-B27E-D31BAB6C6450}.Debug|ARM.Build.0 = Debug|ARM
		{417C0C97-F325-4FB4-B27E-D31BAB6C6450}.Debug|ARM.Deploy.0 = Debug|ARM
		{417C0C97-F325-4FB4-B27E-D31BAB6C6450}.Debug|iPhone.ActiveCfg = Debug|x86
		{417C0C97-F325-4FB4-B27E-D31BAB6C6450}.Debug|iPhone.Build.0 = Debug|x86
		{417C0C97-F325-4FB4-B27E-D31BAB6C6450}.Debug|iPhone.Deploy.0 = Debug|x86
		{417C0C97-F325-4FB4-B27E-D31BAB6C6450}.Debug|iPhoneSimulator.ActiveCfg = Debug|x86
		{417C0C97-F325-4FB4-B27E-D31BAB6C6450}.Debug|iPhoneSimulator.Build.0 = Debug|x86
		{417C0C97-F325-4FB4-B27E-D31BAB6C6450}.Debug|iPhoneSimulator.Deploy.0 = Debug|x86
		{417C0C97-F325-4FB4-B27E-D31BAB6C6450}.Debug|x64.ActiveCfg = Debug|x64
		{417C0C97-F325-4FB4-B27E-D31BAB6C6450}.Debug|x64.Build.0 = Debug|x64
		{417C0C97-F325-4FB4-B27E-D31BAB6C6450}.Debug|x64.Deploy.0 = Debug|x64
		{417C0C97-F325-4FB4-B27E-D31BAB6C6450}.Debug|x86.ActiveCfg = Debug|x86
		{417C0C97-F325-4FB4-B27E-D31BAB6C6450}.Debug|x86.Build.0 = Debug|x86
		{417C0C97-F325-4FB4-B27E-D31BAB6C6450}.Debug|x86.Deploy.0 = Debug|x86
		{417C0C97-F325-4FB4-B27E-D31BAB6C6450}.Release|Any CPU.ActiveCfg = Release|x86
		{417C0C97-F325-4FB4-B27E-D31BAB6C6450}.Release|Any CPU.Build.0 = Release|x86
		{417C0C97-F325-4FB4-B27E-D31BAB6C6450}.Release|Any CPU.Deploy.0 = Release|x86
		{417C0C97-F325-4FB4-B27E-D31BAB6C6450}.Release|ARM.ActiveCfg = Release|ARM
		{417C0C97-F325-4FB4-B27E-D31BAB6C6450}.Release|ARM.Build.0 = Release|ARM
		{417C0C97-F325-4FB4-B27E-D31BAB6C6450}.Release|ARM.Deploy.0 = Release|ARM
		{417C0C97-F325-4FB4-B27E-D31BAB6C6450}.Release|iPhone.ActiveCfg = Release|x86
		{417C0C97-F325-4FB4-B27E-D31BAB6C6450}.Release|iPhone.Build.0 = Release|x86
		{417C0C97-F325-4FB4-B27E-D31BAB6C6450}.Release|iPhone.Deploy.0 = Release|x86
		{417C0C97-F325-4FB4-B27E-D31BAB6C6450}.Release|iPhoneSimulator.ActiveCfg = Release|x86
		{417C0C97-F325-4FB4-B27E-D31BAB6C6450}.Release|iPhoneSimulator.Build.0 = Release|x86
		{417C0C97-F325-4FB4-B27E-D31BAB6C6450}.Release|iPhoneSimulator.Deploy.0 = Release|x86
		{417C0C97-F325-4FB4-B27E-D31BAB6C6450}.Release|x64.ActiveCfg = Release|x64
		{417C0C97-F325-4FB4-B27E-D31BAB6C6450}.Release|x64.Build.0 = Release|x64
		{417C0C97-F325-4FB4-B27E-D31BAB6C6450}.Release|x64.Deploy.0 = Release|x64
		{417C0C97-F325-4FB4-B27E-D31BAB6C6450}.Release|x86.ActiveCfg = Release|x86
		{417C0C97-F325-4FB4-B27E-D31BAB6C6450}.Release|x86.Build.0 = Release|x86
		{417C0C97-F325-4FB4-B27E-D31BAB6C6450}.Release|x86.Deploy.0 = Release|x86
		{3521EFB1-DEBA-43BE-89B6-43732FA0E273}.Ad-Hoc|Any CPU.ActiveCfg = Debug|Any CPU
		{3521EFB1-DEBA-43BE-89B6-43732FA0E273}.Ad-Hoc|Any CPU.Build.0 = Debug|Any CPU
		{3521EFB1-DEBA-43BE-89B6-43732FA0E273}.Ad-Hoc|Any CPU.Deploy.0 = Debug|Any CPU
		{3521EFB1-DEBA-43BE-89B6-43732FA0E273}.Ad-Hoc|ARM.ActiveCfg = Debug|Any CPU
		{3521EFB1-DEBA-43BE-89B6-43732FA0E273}.Ad-Hoc|ARM.Build.0 = Debug|Any CPU
		{3521EFB1-DEBA-43BE-89B6-43732FA0E273}.Ad-Hoc|ARM.Deploy.0 = Debug|Any CPU
		{3521EFB1-DEBA-43BE-89B6-43732FA0E273}.Ad-Hoc|iPhone.ActiveCfg = Debug|Any CPU
		{3521EFB1-DEBA-43BE-89B6-43732FA0E273}.Ad-Hoc|iPhone.Build.0 = Debug|Any CPU
		{3521EFB1-DEBA-43BE-89B6-43732FA0E273}.Ad-Hoc|iPhone.Deploy.0 = Debug|Any CPU
		{3521EFB1-DEBA-43BE-89B6-43732FA0E273}.Ad-Hoc|iPhoneSimulator.ActiveCfg = Debug|Any CPU
		{3521EFB1-DEBA-43BE-89B6-43732FA0E273}.Ad-Hoc|iPhoneSimulator.Build.0 = Debug|Any CPU
		{3521EFB1-DEBA-43BE-89B6-43732FA0E273}.Ad-Hoc|iPhoneSimulator.Deploy.0 = Debug|Any CPU
		{3521EFB1-DEBA-43BE-89B6-43732FA0E273}.Ad-Hoc|x64.ActiveCfg = Debug|Any CPU
		{3521EFB1-DEBA-43BE-89B6-43732FA0E273}.Ad-Hoc|x64.Build.0 = Debug|Any CPU
		{3521EFB1-DEBA-43BE-89B6-43732FA0E273}.Ad-Hoc|x64.Deploy.0 = Debug|Any CPU
		{3521EFB1-DEBA-43BE-89B6-43732FA0E273}.Ad-Hoc|x86.ActiveCfg = Debug|Any CPU
		{3521EFB1-DEBA-43BE-89B6-43732FA0E273}.Ad-Hoc|x86.Build.0 = Debug|Any CPU
		{3521EFB1-DEBA-43BE-89B6-43732FA0E273}.Ad-Hoc|x86.Deploy.0 = Debug|Any CPU
		{3521EFB1-DEBA-43BE-89B6-43732FA0E273}.AppStore|Any CPU.ActiveCfg = Debug|Any CPU
		{3521EFB1-DEBA-43BE-89B6-43732FA0E273}.AppStore|Any CPU.Build.0 = Debug|Any CPU
		{3521EFB1-DEBA-43BE-89B6-43732FA0E273}.AppStore|Any CPU.Deploy.0 = Debug|Any CPU
		{3521EFB1-DEBA-43BE-89B6-43732FA0E273}.AppStore|ARM.ActiveCfg = Debug|Any CPU
		{3521EFB1-DEBA-43BE-89B6-43732FA0E273}.AppStore|ARM.Build.0 = Debug|Any CPU
		{3521EFB1-DEBA-43BE-89B6-43732FA0E273}.AppStore|ARM.Deploy.0 = Debug|Any CPU
		{3521EFB1-DEBA-43BE-89B6-43732FA0E273}.AppStore|iPhone.ActiveCfg = Debug|Any CPU
		{3521EFB1-DEBA-43BE-89B6-43732FA0E273}.AppStore|iPhone.Build.0 = Debug|Any CPU
		{3521EFB1-DEBA-43BE-89B6-43732FA0E273}.AppStore|iPhone.Deploy.0 = Debug|Any CPU
		{3521EFB1-DEBA-43BE-89B6-43732FA0E273}.AppStore|iPhoneSimulator.ActiveCfg = Debug|Any CPU
		{3521EFB1-DEBA-43BE-89B6-43732FA0E273}.AppStore|iPhoneSimulator.Build.0 = Debug|Any CPU
		{3521EFB1-DEBA-43BE-89B6-43732FA0E273}.AppStore|iPhoneSimulator.Deploy.0 = Debug|Any CPU
		{3521EFB1-DEBA-43BE-89B6-43732FA0E273}.AppStore|x64.ActiveCfg = Debug|Any CPU
		{3521EFB1-DEBA-43BE-89B6-43732FA0E273}.AppStore|x64.Build.0 = Debug|Any CPU
		{3521EFB1-DEBA-43BE-89B6-43732FA0E273}.AppStore|x64.Deploy.0 = Debug|Any CPU
		{3521EFB1-DEBA-43BE-89B6-43732FA0E273}.AppStore|x86.ActiveCfg = Debug|Any CPU
		{3521EFB1-DEBA-43BE-89B6-43732FA0E273}.AppStore|x86.Build.0 = Debug|Any CPU
		{3521EFB1-DEBA-43BE-89B6-43732FA0E273}.AppStore|x86.Deploy.0 = Debug|Any CPU
		{3521EFB1-DEBA-43BE-89B6-43732FA0E273}.Debug|Any CPU.ActiveCfg = Debug|Any CPU
		{3521EFB1-DEBA-43BE-89B6-43732FA0E273}.Debug|Any CPU.Build.0 = Debug|Any CPU
		{3521EFB1-DEBA-43BE-89B6-43732FA0E273}.Debug|Any CPU.Deploy.0 = Debug|Any CPU
		{3521EFB1-DEBA-43BE-89B6-43732FA0E273}.Debug|ARM.ActiveCfg = Debug|Any CPU
		{3521EFB1-DEBA-43BE-89B6-43732FA0E273}.Debug|ARM.Build.0 = Debug|Any CPU
		{3521EFB1-DEBA-43BE-89B6-43732FA0E273}.Debug|ARM.Deploy.0 = Debug|Any CPU
		{3521EFB1-DEBA-43BE-89B6-43732FA0E273}.Debug|iPhone.ActiveCfg = Debug|Any CPU
		{3521EFB1-DEBA-43BE-89B6-43732FA0E273}.Debug|iPhone.Build.0 = Debug|Any CPU
		{3521EFB1-DEBA-43BE-89B6-43732FA0E273}.Debug|iPhone.Deploy.0 = Debug|Any CPU
		{3521EFB1-DEBA-43BE-89B6-43732FA0E273}.Debug|iPhoneSimulator.ActiveCfg = Debug|Any CPU
		{3521EFB1-DEBA-43BE-89B6-43732FA0E273}.Debug|iPhoneSimulator.Build.0 = Debug|Any CPU
		{3521EFB1-DEBA-43BE-89B6-43732FA0E273}.Debug|iPhoneSimulator.Deploy.0 = Debug|Any CPU
		{3521EFB1-DEBA-43BE-89B6-43732FA0E273}.Debug|x64.ActiveCfg = Debug|Any CPU
		{3521EFB1-DEBA-43BE-89B6-43732FA0E273}.Debug|x64.Build.0 = Debug|Any CPU
		{3521EFB1-DEBA-43BE-89B6-43732FA0E273}.Debug|x64.Deploy.0 = Debug|Any CPU
		{3521EFB1-DEBA-43BE-89B6-43732FA0E273}.Debug|x86.ActiveCfg = Debug|Any CPU
		{3521EFB1-DEBA-43BE-89B6-43732FA0E273}.Debug|x86.Build.0 = Debug|Any CPU
		{3521EFB1-DEBA-43BE-89B6-43732FA0E273}.Debug|x86.Deploy.0 = Debug|Any CPU
		{3521EFB1-DEBA-43BE-89B6-43732FA0E273}.Release|Any CPU.ActiveCfg = Release|Any CPU
		{3521EFB1-DEBA-43BE-89B6-43732FA0E273}.Release|Any CPU.Build.0 = Release|Any CPU
		{3521EFB1-DEBA-43BE-89B6-43732FA0E273}.Release|Any CPU.Deploy.0 = Release|Any CPU
		{3521EFB1-DEBA-43BE-89B6-43732FA0E273}.Release|ARM.ActiveCfg = Release|Any CPU
		{3521EFB1-DEBA-43BE-89B6-43732FA0E273}.Release|ARM.Build.0 = Release|Any CPU
		{3521EFB1-DEBA-43BE-89B6-43732FA0E273}.Release|ARM.Deploy.0 = Release|Any CPU
		{3521EFB1-DEBA-43BE-89B6-43732FA0E273}.Release|iPhone.ActiveCfg = Release|Any CPU
		{3521EFB1-DEBA-43BE-89B6-43732FA0E273}.Release|iPhone.Build.0 = Release|Any CPU
		{3521EFB1-DEBA-43BE-89B6-43732FA0E273}.Release|iPhone.Deploy.0 = Release|Any CPU
		{3521EFB1-DEBA-43BE-89B6-43732FA0E273}.Release|iPhoneSimulator.ActiveCfg = Release|Any CPU
		{3521EFB1-DEBA-43BE-89B6-43732FA0E273}.Release|iPhoneSimulator.Build.0 = Release|Any CPU
		{3521EFB1-DEBA-43BE-89B6-43732FA0E273}.Release|iPhoneSimulator.Deploy.0 = Release|Any CPU
		{3521EFB1-DEBA-43BE-89B6-43732FA0E273}.Release|x64.ActiveCfg = Release|Any CPU
		{3521EFB1-DEBA-43BE-89B6-43732FA0E273}.Release|x64.Build.0 = Release|Any CPU
		{3521EFB1-DEBA-43BE-89B6-43732FA0E273}.Release|x64.Deploy.0 = Release|Any CPU
		{3521EFB1-DEBA-43BE-89B6-43732FA0E273}.Release|x86.ActiveCfg = Release|Any CPU
		{3521EFB1-DEBA-43BE-89B6-43732FA0E273}.Release|x86.Build.0 = Release|Any CPU
		{3521EFB1-DEBA-43BE-89B6-43732FA0E273}.Release|x86.Deploy.0 = Release|Any CPU
		{7DF16D77-6DBA-4671-A942-9165AD4EE08E}.Ad-Hoc|Any CPU.ActiveCfg = Release|Any CPU
		{7DF16D77-6DBA-4671-A942-9165AD4EE08E}.Ad-Hoc|Any CPU.Build.0 = Release|Any CPU
		{7DF16D77-6DBA-4671-A942-9165AD4EE08E}.Ad-Hoc|ARM.ActiveCfg = Release|Any CPU
		{7DF16D77-6DBA-4671-A942-9165AD4EE08E}.Ad-Hoc|ARM.Build.0 = Release|Any CPU
		{7DF16D77-6DBA-4671-A942-9165AD4EE08E}.Ad-Hoc|iPhone.ActiveCfg = Release|Any CPU
		{7DF16D77-6DBA-4671-A942-9165AD4EE08E}.Ad-Hoc|iPhone.Build.0 = Release|Any CPU
		{7DF16D77-6DBA-4671-A942-9165AD4EE08E}.Ad-Hoc|iPhoneSimulator.ActiveCfg = Release|Any CPU
		{7DF16D77-6DBA-4671-A942-9165AD4EE08E}.Ad-Hoc|iPhoneSimulator.Build.0 = Release|Any CPU
		{7DF16D77-6DBA-4671-A942-9165AD4EE08E}.Ad-Hoc|x64.ActiveCfg = Release|Any CPU
		{7DF16D77-6DBA-4671-A942-9165AD4EE08E}.Ad-Hoc|x64.Build.0 = Release|Any CPU
		{7DF16D77-6DBA-4671-A942-9165AD4EE08E}.Ad-Hoc|x86.ActiveCfg = Release|Any CPU
		{7DF16D77-6DBA-4671-A942-9165AD4EE08E}.Ad-Hoc|x86.Build.0 = Release|Any CPU
		{7DF16D77-6DBA-4671-A942-9165AD4EE08E}.AppStore|Any CPU.ActiveCfg = Release|Any CPU
		{7DF16D77-6DBA-4671-A942-9165AD4EE08E}.AppStore|Any CPU.Build.0 = Release|Any CPU
		{7DF16D77-6DBA-4671-A942-9165AD4EE08E}.AppStore|ARM.ActiveCfg = Release|Any CPU
		{7DF16D77-6DBA-4671-A942-9165AD4EE08E}.AppStore|ARM.Build.0 = Release|Any CPU
		{7DF16D77-6DBA-4671-A942-9165AD4EE08E}.AppStore|iPhone.ActiveCfg = Release|Any CPU
		{7DF16D77-6DBA-4671-A942-9165AD4EE08E}.AppStore|iPhone.Build.0 = Release|Any CPU
		{7DF16D77-6DBA-4671-A942-9165AD4EE08E}.AppStore|iPhoneSimulator.ActiveCfg = Release|Any CPU
		{7DF16D77-6DBA-4671-A942-9165AD4EE08E}.AppStore|iPhoneSimulator.Build.0 = Release|Any CPU
		{7DF16D77-6DBA-4671-A942-9165AD4EE08E}.AppStore|x64.ActiveCfg = Release|Any CPU
		{7DF16D77-6DBA-4671-A942-9165AD4EE08E}.AppStore|x64.Build.0 = Release|Any CPU
		{7DF16D77-6DBA-4671-A942-9165AD4EE08E}.AppStore|x86.ActiveCfg = Release|Any CPU
		{7DF16D77-6DBA-4671-A942-9165AD4EE08E}.AppStore|x86.Build.0 = Release|Any CPU
		{7DF16D77-6DBA-4671-A942-9165AD4EE08E}.Debug|Any CPU.ActiveCfg = Debug|Any CPU
		{7DF16D77-6DBA-4671-A942-9165AD4EE08E}.Debug|Any CPU.Build.0 = Debug|Any CPU
		{7DF16D77-6DBA-4671-A942-9165AD4EE08E}.Debug|ARM.ActiveCfg = Debug|Any CPU
		{7DF16D77-6DBA-4671-A942-9165AD4EE08E}.Debug|ARM.Build.0 = Debug|Any CPU
		{7DF16D77-6DBA-4671-A942-9165AD4EE08E}.Debug|iPhone.ActiveCfg = Debug|Any CPU
		{7DF16D77-6DBA-4671-A942-9165AD4EE08E}.Debug|iPhone.Build.0 = Debug|Any CPU
		{7DF16D77-6DBA-4671-A942-9165AD4EE08E}.Debug|iPhoneSimulator.ActiveCfg = Debug|Any CPU
		{7DF16D77-6DBA-4671-A942-9165AD4EE08E}.Debug|iPhoneSimulator.Build.0 = Debug|Any CPU
		{7DF16D77-6DBA-4671-A942-9165AD4EE08E}.Debug|x64.ActiveCfg = Debug|Any CPU
		{7DF16D77-6DBA-4671-A942-9165AD4EE08E}.Debug|x64.Build.0 = Debug|Any CPU
		{7DF16D77-6DBA-4671-A942-9165AD4EE08E}.Debug|x86.ActiveCfg = Debug|Any CPU
		{7DF16D77-6DBA-4671-A942-9165AD4EE08E}.Debug|x86.Build.0 = Debug|Any CPU
		{7DF16D77-6DBA-4671-A942-9165AD4EE08E}.Release|Any CPU.ActiveCfg = Release|Any CPU
		{7DF16D77-6DBA-4671-A942-9165AD4EE08E}.Release|Any CPU.Build.0 = Release|Any CPU
		{7DF16D77-6DBA-4671-A942-9165AD4EE08E}.Release|ARM.ActiveCfg = Release|Any CPU
		{7DF16D77-6DBA-4671-A942-9165AD4EE08E}.Release|ARM.Build.0 = Release|Any CPU
		{7DF16D77-6DBA-4671-A942-9165AD4EE08E}.Release|iPhone.ActiveCfg = Release|Any CPU
		{7DF16D77-6DBA-4671-A942-9165AD4EE08E}.Release|iPhone.Build.0 = Release|Any CPU
		{7DF16D77-6DBA-4671-A942-9165AD4EE08E}.Release|iPhoneSimulator.ActiveCfg = Release|Any CPU
		{7DF16D77-6DBA-4671-A942-9165AD4EE08E}.Release|iPhoneSimulator.Build.0 = Release|Any CPU
		{7DF16D77-6DBA-4671-A942-9165AD4EE08E}.Release|x64.ActiveCfg = Release|Any CPU
		{7DF16D77-6DBA-4671-A942-9165AD4EE08E}.Release|x64.Build.0 = Release|Any CPU
		{7DF16D77-6DBA-4671-A942-9165AD4EE08E}.Release|x86.ActiveCfg = Release|Any CPU
		{7DF16D77-6DBA-4671-A942-9165AD4EE08E}.Release|x86.Build.0 = Release|Any CPU
		{5EEDBA5F-F0E8-43AE-A687-384DC71DBC77}.Ad-Hoc|Any CPU.ActiveCfg = Release|Any CPU
		{5EEDBA5F-F0E8-43AE-A687-384DC71DBC77}.Ad-Hoc|Any CPU.Build.0 = Release|Any CPU
		{5EEDBA5F-F0E8-43AE-A687-384DC71DBC77}.Ad-Hoc|ARM.ActiveCfg = Release|Any CPU
		{5EEDBA5F-F0E8-43AE-A687-384DC71DBC77}.Ad-Hoc|ARM.Build.0 = Release|Any CPU
		{5EEDBA5F-F0E8-43AE-A687-384DC71DBC77}.Ad-Hoc|iPhone.ActiveCfg = Release|Any CPU
		{5EEDBA5F-F0E8-43AE-A687-384DC71DBC77}.Ad-Hoc|iPhone.Build.0 = Release|Any CPU
		{5EEDBA5F-F0E8-43AE-A687-384DC71DBC77}.Ad-Hoc|iPhoneSimulator.ActiveCfg = Release|Any CPU
		{5EEDBA5F-F0E8-43AE-A687-384DC71DBC77}.Ad-Hoc|iPhoneSimulator.Build.0 = Release|Any CPU
		{5EEDBA5F-F0E8-43AE-A687-384DC71DBC77}.Ad-Hoc|x64.ActiveCfg = Release|Any CPU
		{5EEDBA5F-F0E8-43AE-A687-384DC71DBC77}.Ad-Hoc|x64.Build.0 = Release|Any CPU
		{5EEDBA5F-F0E8-43AE-A687-384DC71DBC77}.Ad-Hoc|x86.ActiveCfg = Release|Any CPU
		{5EEDBA5F-F0E8-43AE-A687-384DC71DBC77}.Ad-Hoc|x86.Build.0 = Release|Any CPU
		{5EEDBA5F-F0E8-43AE-A687-384DC71DBC77}.AppStore|Any CPU.ActiveCfg = Release|Any CPU
		{5EEDBA5F-F0E8-43AE-A687-384DC71DBC77}.AppStore|Any CPU.Build.0 = Release|Any CPU
		{5EEDBA5F-F0E8-43AE-A687-384DC71DBC77}.AppStore|ARM.ActiveCfg = Release|Any CPU
		{5EEDBA5F-F0E8-43AE-A687-384DC71DBC77}.AppStore|ARM.Build.0 = Release|Any CPU
		{5EEDBA5F-F0E8-43AE-A687-384DC71DBC77}.AppStore|iPhone.ActiveCfg = Release|Any CPU
		{5EEDBA5F-F0E8-43AE-A687-384DC71DBC77}.AppStore|iPhone.Build.0 = Release|Any CPU
		{5EEDBA5F-F0E8-43AE-A687-384DC71DBC77}.AppStore|iPhoneSimulator.ActiveCfg = Release|Any CPU
		{5EEDBA5F-F0E8-43AE-A687-384DC71DBC77}.AppStore|iPhoneSimulator.Build.0 = Release|Any CPU
		{5EEDBA5F-F0E8-43AE-A687-384DC71DBC77}.AppStore|x64.ActiveCfg = Release|Any CPU
		{5EEDBA5F-F0E8-43AE-A687-384DC71DBC77}.AppStore|x64.Build.0 = Release|Any CPU
		{5EEDBA5F-F0E8-43AE-A687-384DC71DBC77}.AppStore|x86.ActiveCfg = Release|Any CPU
		{5EEDBA5F-F0E8-43AE-A687-384DC71DBC77}.AppStore|x86.Build.0 = Release|Any CPU
		{5EEDBA5F-F0E8-43AE-A687-384DC71DBC77}.Debug|Any CPU.ActiveCfg = Debug|Any CPU
		{5EEDBA5F-F0E8-43AE-A687-384DC71DBC77}.Debug|Any CPU.Build.0 = Debug|Any CPU
		{5EEDBA5F-F0E8-43AE-A687-384DC71DBC77}.Debug|ARM.ActiveCfg = Debug|Any CPU
		{5EEDBA5F-F0E8-43AE-A687-384DC71DBC77}.Debug|ARM.Build.0 = Debug|Any CPU
		{5EEDBA5F-F0E8-43AE-A687-384DC71DBC77}.Debug|iPhone.ActiveCfg = Debug|Any CPU
		{5EEDBA5F-F0E8-43AE-A687-384DC71DBC77}.Debug|iPhone.Build.0 = Debug|Any CPU
		{5EEDBA5F-F0E8-43AE-A687-384DC71DBC77}.Debug|iPhoneSimulator.ActiveCfg = Debug|Any CPU
		{5EEDBA5F-F0E8-43AE-A687-384DC71DBC77}.Debug|iPhoneSimulator.Build.0 = Debug|Any CPU
		{5EEDBA5F-F0E8-43AE-A687-384DC71DBC77}.Debug|x64.ActiveCfg = Debug|Any CPU
		{5EEDBA5F-F0E8-43AE-A687-384DC71DBC77}.Debug|x64.Build.0 = Debug|Any CPU
		{5EEDBA5F-F0E8-43AE-A687-384DC71DBC77}.Debug|x86.ActiveCfg = Debug|Any CPU
		{5EEDBA5F-F0E8-43AE-A687-384DC71DBC77}.Debug|x86.Build.0 = Debug|Any CPU
		{5EEDBA5F-F0E8-43AE-A687-384DC71DBC77}.Release|Any CPU.ActiveCfg = Release|Any CPU
		{5EEDBA5F-F0E8-43AE-A687-384DC71DBC77}.Release|Any CPU.Build.0 = Release|Any CPU
		{5EEDBA5F-F0E8-43AE-A687-384DC71DBC77}.Release|ARM.ActiveCfg = Release|Any CPU
		{5EEDBA5F-F0E8-43AE-A687-384DC71DBC77}.Release|ARM.Build.0 = Release|Any CPU
		{5EEDBA5F-F0E8-43AE-A687-384DC71DBC77}.Release|iPhone.ActiveCfg = Release|Any CPU
		{5EEDBA5F-F0E8-43AE-A687-384DC71DBC77}.Release|iPhone.Build.0 = Release|Any CPU
		{5EEDBA5F-F0E8-43AE-A687-384DC71DBC77}.Release|iPhoneSimulator.ActiveCfg = Release|Any CPU
		{5EEDBA5F-F0E8-43AE-A687-384DC71DBC77}.Release|iPhoneSimulator.Build.0 = Release|Any CPU
		{5EEDBA5F-F0E8-43AE-A687-384DC71DBC77}.Release|x64.ActiveCfg = Release|Any CPU
		{5EEDBA5F-F0E8-43AE-A687-384DC71DBC77}.Release|x64.Build.0 = Release|Any CPU
		{5EEDBA5F-F0E8-43AE-A687-384DC71DBC77}.Release|x86.ActiveCfg = Release|Any CPU
		{5EEDBA5F-F0E8-43AE-A687-384DC71DBC77}.Release|x86.Build.0 = Release|Any CPU
		{93A7B304-5BBF-4F8C-BA52-EA4BFA64907B}.Ad-Hoc|Any CPU.ActiveCfg = Release|Any CPU
		{93A7B304-5BBF-4F8C-BA52-EA4BFA64907B}.Ad-Hoc|Any CPU.Build.0 = Release|Any CPU
		{93A7B304-5BBF-4F8C-BA52-EA4BFA64907B}.Ad-Hoc|ARM.ActiveCfg = Release|Any CPU
		{93A7B304-5BBF-4F8C-BA52-EA4BFA64907B}.Ad-Hoc|ARM.Build.0 = Release|Any CPU
		{93A7B304-5BBF-4F8C-BA52-EA4BFA64907B}.Ad-Hoc|iPhone.ActiveCfg = Release|Any CPU
		{93A7B304-5BBF-4F8C-BA52-EA4BFA64907B}.Ad-Hoc|iPhone.Build.0 = Release|Any CPU
		{93A7B304-5BBF-4F8C-BA52-EA4BFA64907B}.Ad-Hoc|iPhoneSimulator.ActiveCfg = Release|Any CPU
		{93A7B304-5BBF-4F8C-BA52-EA4BFA64907B}.Ad-Hoc|iPhoneSimulator.Build.0 = Release|Any CPU
		{93A7B304-5BBF-4F8C-BA52-EA4BFA64907B}.Ad-Hoc|x64.ActiveCfg = Release|Any CPU
		{93A7B304-5BBF-4F8C-BA52-EA4BFA64907B}.Ad-Hoc|x64.Build.0 = Release|Any CPU
		{93A7B304-5BBF-4F8C-BA52-EA4BFA64907B}.Ad-Hoc|x86.ActiveCfg = Release|Any CPU
		{93A7B304-5BBF-4F8C-BA52-EA4BFA64907B}.Ad-Hoc|x86.Build.0 = Release|Any CPU
		{93A7B304-5BBF-4F8C-BA52-EA4BFA64907B}.AppStore|Any CPU.ActiveCfg = Release|Any CPU
		{93A7B304-5BBF-4F8C-BA52-EA4BFA64907B}.AppStore|Any CPU.Build.0 = Release|Any CPU
		{93A7B304-5BBF-4F8C-BA52-EA4BFA64907B}.AppStore|ARM.ActiveCfg = Release|Any CPU
		{93A7B304-5BBF-4F8C-BA52-EA4BFA64907B}.AppStore|ARM.Build.0 = Release|Any CPU
		{93A7B304-5BBF-4F8C-BA52-EA4BFA64907B}.AppStore|iPhone.ActiveCfg = Release|Any CPU
		{93A7B304-5BBF-4F8C-BA52-EA4BFA64907B}.AppStore|iPhone.Build.0 = Release|Any CPU
		{93A7B304-5BBF-4F8C-BA52-EA4BFA64907B}.AppStore|iPhoneSimulator.ActiveCfg = Release|Any CPU
		{93A7B304-5BBF-4F8C-BA52-EA4BFA64907B}.AppStore|iPhoneSimulator.Build.0 = Release|Any CPU
		{93A7B304-5BBF-4F8C-BA52-EA4BFA64907B}.AppStore|x64.ActiveCfg = Release|Any CPU
		{93A7B304-5BBF-4F8C-BA52-EA4BFA64907B}.AppStore|x64.Build.0 = Release|Any CPU
		{93A7B304-5BBF-4F8C-BA52-EA4BFA64907B}.AppStore|x86.ActiveCfg = Release|Any CPU
		{93A7B304-5BBF-4F8C-BA52-EA4BFA64907B}.AppStore|x86.Build.0 = Release|Any CPU
		{93A7B304-5BBF-4F8C-BA52-EA4BFA64907B}.Debug|Any CPU.ActiveCfg = Debug|Any CPU
		{93A7B304-5BBF-4F8C-BA52-EA4BFA64907B}.Debug|Any CPU.Build.0 = Debug|Any CPU
		{93A7B304-5BBF-4F8C-BA52-EA4BFA64907B}.Debug|ARM.ActiveCfg = Debug|Any CPU
		{93A7B304-5BBF-4F8C-BA52-EA4BFA64907B}.Debug|ARM.Build.0 = Debug|Any CPU
		{93A7B304-5BBF-4F8C-BA52-EA4BFA64907B}.Debug|iPhone.ActiveCfg = Debug|Any CPU
		{93A7B304-5BBF-4F8C-BA52-EA4BFA64907B}.Debug|iPhone.Build.0 = Debug|Any CPU
		{93A7B304-5BBF-4F8C-BA52-EA4BFA64907B}.Debug|iPhoneSimulator.ActiveCfg = Debug|Any CPU
		{93A7B304-5BBF-4F8C-BA52-EA4BFA64907B}.Debug|iPhoneSimulator.Build.0 = Debug|Any CPU
		{93A7B304-5BBF-4F8C-BA52-EA4BFA64907B}.Debug|x64.ActiveCfg = Debug|Any CPU
		{93A7B304-5BBF-4F8C-BA52-EA4BFA64907B}.Debug|x64.Build.0 = Debug|Any CPU
		{93A7B304-5BBF-4F8C-BA52-EA4BFA64907B}.Debug|x86.ActiveCfg = Debug|Any CPU
		{93A7B304-5BBF-4F8C-BA52-EA4BFA64907B}.Debug|x86.Build.0 = Debug|Any CPU
		{93A7B304-5BBF-4F8C-BA52-EA4BFA64907B}.Release|Any CPU.ActiveCfg = Release|Any CPU
		{93A7B304-5BBF-4F8C-BA52-EA4BFA64907B}.Release|Any CPU.Build.0 = Release|Any CPU
		{93A7B304-5BBF-4F8C-BA52-EA4BFA64907B}.Release|ARM.ActiveCfg = Release|Any CPU
		{93A7B304-5BBF-4F8C-BA52-EA4BFA64907B}.Release|ARM.Build.0 = Release|Any CPU
		{93A7B304-5BBF-4F8C-BA52-EA4BFA64907B}.Release|iPhone.ActiveCfg = Release|Any CPU
		{93A7B304-5BBF-4F8C-BA52-EA4BFA64907B}.Release|iPhone.Build.0 = Release|Any CPU
		{93A7B304-5BBF-4F8C-BA52-EA4BFA64907B}.Release|iPhoneSimulator.ActiveCfg = Release|Any CPU
		{93A7B304-5BBF-4F8C-BA52-EA4BFA64907B}.Release|iPhoneSimulator.Build.0 = Release|Any CPU
		{93A7B304-5BBF-4F8C-BA52-EA4BFA64907B}.Release|x64.ActiveCfg = Release|Any CPU
		{93A7B304-5BBF-4F8C-BA52-EA4BFA64907B}.Release|x64.Build.0 = Release|Any CPU
		{93A7B304-5BBF-4F8C-BA52-EA4BFA64907B}.Release|x86.ActiveCfg = Release|Any CPU
		{93A7B304-5BBF-4F8C-BA52-EA4BFA64907B}.Release|x86.Build.0 = Release|Any CPU
		{ED4DB236-831E-42E3-8B88-A93B8851E0AE}.Ad-Hoc|Any CPU.ActiveCfg = Release|Any CPU
		{ED4DB236-831E-42E3-8B88-A93B8851E0AE}.Ad-Hoc|Any CPU.Build.0 = Release|Any CPU
		{ED4DB236-831E-42E3-8B88-A93B8851E0AE}.Ad-Hoc|ARM.ActiveCfg = Release|Any CPU
		{ED4DB236-831E-42E3-8B88-A93B8851E0AE}.Ad-Hoc|ARM.Build.0 = Release|Any CPU
		{ED4DB236-831E-42E3-8B88-A93B8851E0AE}.Ad-Hoc|iPhone.ActiveCfg = Release|Any CPU
		{ED4DB236-831E-42E3-8B88-A93B8851E0AE}.Ad-Hoc|iPhone.Build.0 = Release|Any CPU
		{ED4DB236-831E-42E3-8B88-A93B8851E0AE}.Ad-Hoc|iPhoneSimulator.ActiveCfg = Release|Any CPU
		{ED4DB236-831E-42E3-8B88-A93B8851E0AE}.Ad-Hoc|iPhoneSimulator.Build.0 = Release|Any CPU
		{ED4DB236-831E-42E3-8B88-A93B8851E0AE}.Ad-Hoc|x64.ActiveCfg = Release|Any CPU
		{ED4DB236-831E-42E3-8B88-A93B8851E0AE}.Ad-Hoc|x64.Build.0 = Release|Any CPU
		{ED4DB236-831E-42E3-8B88-A93B8851E0AE}.Ad-Hoc|x86.ActiveCfg = Release|Any CPU
		{ED4DB236-831E-42E3-8B88-A93B8851E0AE}.Ad-Hoc|x86.Build.0 = Release|Any CPU
		{ED4DB236-831E-42E3-8B88-A93B8851E0AE}.AppStore|Any CPU.ActiveCfg = Release|Any CPU
		{ED4DB236-831E-42E3-8B88-A93B8851E0AE}.AppStore|Any CPU.Build.0 = Release|Any CPU
		{ED4DB236-831E-42E3-8B88-A93B8851E0AE}.AppStore|ARM.ActiveCfg = Release|Any CPU
		{ED4DB236-831E-42E3-8B88-A93B8851E0AE}.AppStore|ARM.Build.0 = Release|Any CPU
		{ED4DB236-831E-42E3-8B88-A93B8851E0AE}.AppStore|iPhone.ActiveCfg = Release|Any CPU
		{ED4DB236-831E-42E3-8B88-A93B8851E0AE}.AppStore|iPhone.Build.0 = Release|Any CPU
		{ED4DB236-831E-42E3-8B88-A93B8851E0AE}.AppStore|iPhoneSimulator.ActiveCfg = Release|Any CPU
		{ED4DB236-831E-42E3-8B88-A93B8851E0AE}.AppStore|iPhoneSimulator.Build.0 = Release|Any CPU
		{ED4DB236-831E-42E3-8B88-A93B8851E0AE}.AppStore|x64.ActiveCfg = Release|Any CPU
		{ED4DB236-831E-42E3-8B88-A93B8851E0AE}.AppStore|x64.Build.0 = Release|Any CPU
		{ED4DB236-831E-42E3-8B88-A93B8851E0AE}.AppStore|x86.ActiveCfg = Release|Any CPU
		{ED4DB236-831E-42E3-8B88-A93B8851E0AE}.AppStore|x86.Build.0 = Release|Any CPU
		{ED4DB236-831E-42E3-8B88-A93B8851E0AE}.Debug|Any CPU.ActiveCfg = Debug|Any CPU
		{ED4DB236-831E-42E3-8B88-A93B8851E0AE}.Debug|Any CPU.Build.0 = Debug|Any CPU
		{ED4DB236-831E-42E3-8B88-A93B8851E0AE}.Debug|ARM.ActiveCfg = Debug|Any CPU
		{ED4DB236-831E-42E3-8B88-A93B8851E0AE}.Debug|ARM.Build.0 = Debug|Any CPU
		{ED4DB236-831E-42E3-8B88-A93B8851E0AE}.Debug|iPhone.ActiveCfg = Debug|Any CPU
		{ED4DB236-831E-42E3-8B88-A93B8851E0AE}.Debug|iPhone.Build.0 = Debug|Any CPU
		{ED4DB236-831E-42E3-8B88-A93B8851E0AE}.Debug|iPhoneSimulator.ActiveCfg = Debug|Any CPU
		{ED4DB236-831E-42E3-8B88-A93B8851E0AE}.Debug|iPhoneSimulator.Build.0 = Debug|Any CPU
		{ED4DB236-831E-42E3-8B88-A93B8851E0AE}.Debug|x64.ActiveCfg = Debug|Any CPU
		{ED4DB236-831E-42E3-8B88-A93B8851E0AE}.Debug|x64.Build.0 = Debug|Any CPU
		{ED4DB236-831E-42E3-8B88-A93B8851E0AE}.Debug|x86.ActiveCfg = Debug|Any CPU
		{ED4DB236-831E-42E3-8B88-A93B8851E0AE}.Debug|x86.Build.0 = Debug|Any CPU
		{ED4DB236-831E-42E3-8B88-A93B8851E0AE}.Release|Any CPU.ActiveCfg = Release|Any CPU
		{ED4DB236-831E-42E3-8B88-A93B8851E0AE}.Release|Any CPU.Build.0 = Release|Any CPU
		{ED4DB236-831E-42E3-8B88-A93B8851E0AE}.Release|ARM.ActiveCfg = Release|Any CPU
		{ED4DB236-831E-42E3-8B88-A93B8851E0AE}.Release|ARM.Build.0 = Release|Any CPU
		{ED4DB236-831E-42E3-8B88-A93B8851E0AE}.Release|iPhone.ActiveCfg = Release|Any CPU
		{ED4DB236-831E-42E3-8B88-A93B8851E0AE}.Release|iPhone.Build.0 = Release|Any CPU
		{ED4DB236-831E-42E3-8B88-A93B8851E0AE}.Release|iPhoneSimulator.ActiveCfg = Release|Any CPU
		{ED4DB236-831E-42E3-8B88-A93B8851E0AE}.Release|iPhoneSimulator.Build.0 = Release|Any CPU
		{ED4DB236-831E-42E3-8B88-A93B8851E0AE}.Release|x64.ActiveCfg = Release|Any CPU
		{ED4DB236-831E-42E3-8B88-A93B8851E0AE}.Release|x64.Build.0 = Release|Any CPU
		{ED4DB236-831E-42E3-8B88-A93B8851E0AE}.Release|x86.ActiveCfg = Release|Any CPU
		{ED4DB236-831E-42E3-8B88-A93B8851E0AE}.Release|x86.Build.0 = Release|Any CPU
	EndGlobalSection
	GlobalSection(SolutionProperties) = preSolution
		HideSolutionNode = FALSE
	EndGlobalSection
	GlobalSection(ExtensibilityGlobals) = postSolution
		SolutionGuid = {1B012340-0490-48AF-9635-4D6AAE9C44E1}
	EndGlobalSection
EndGlobal
